
Microsoft Visual Studio Solution File, Format Version 12.00
# Visual Studio Version 17
VisualStudioVersion = 17.0.31919.166
MinimumVisualStudioVersion = 10.0.40219.1
Project("{FAE04EC0-301F-11D3-BF4B-00C04F79EFBC}") = "qa-eval-finale-memento", "qa-eval-finale-memento\qa-eval-finale-memento.csproj", "{549284AA-6DD4-44A4-B714-2120F9E9C90F}"
EndProject
Global
	GlobalSection(SolutionConfigurationPlatforms) = preSolution
		Debug|Any CPU = Debug|Any CPU
		Release|Any CPU = Release|Any CPU
	EndGlobalSection
	GlobalSection(ProjectConfigurationPlatforms) = postSolution
		{549284AA-6DD4-44A4-B714-2120F9E9C90F}.Debug|Any CPU.ActiveCfg = Debug|Any CPU
		{549284AA-6DD4-44A4-B714-2120F9E9C90F}.Debug|Any CPU.Build.0 = Debug|Any CPU
		{549284AA-6DD4-44A4-B714-2120F9E9C90F}.Release|Any CPU.ActiveCfg = Release|Any CPU
		{549284AA-6DD4-44A4-B714-2120F9E9C90F}.Release|Any CPU.Build.0 = Release|Any CPU
	EndGlobalSection
	GlobalSection(SolutionProperties) = preSolution
		HideSolutionNode = FALSE
	EndGlobalSection
	GlobalSection(ExtensibilityGlobals) = postSolution
		SolutionGuid = {D262E4D9-CC63-40D3-84E9-9B1081ED6335}
	EndGlobalSection
EndGlobal
